<?xml version="1.0" encoding="utf-8"?>
<Project ToolsVersion="4.0" xmlns="http://schemas.microsoft.com/developer/msbuild/2003">
  <ItemGroup>
    <Filter Include="Windows">
      <UniqueIdentifier>{5032B729-BC11-36C5-C529-C19B31889C26}</UniqueIdentifier>
    </Filter>
    <Filter Include="iara">
      <UniqueIdentifier>{024F987C-EE85-990D-9772-7F108388150F}</UniqueIdentifier>
    </Filter>
    <Filter Include="iara\ImGui">
      <UniqueIdentifier>{AC7D54D4-9835-9621-013D-6F7DED133112}</UniqueIdentifier>
    </Filter>
    <Filter Include="iara\events">
      <UniqueIdentifier>{C6D8E7A0-328E-6096-BB82-5A6D2737579A}</UniqueIdentifier>
    </Filter>
    <Filter Include="platform">
      <UniqueIdentifier>{4A63C33C-3630-1E48-5F49-0CF04B7553D6}</UniqueIdentifier>
    </Filter>
    <Filter Include="platform\openGL">
      <UniqueIdentifier>{5E49BFD0-CAD4-2C95-D3E5-AF893FF08895}</UniqueIdentifier>
    </Filter>
  </ItemGroup>
  <ItemGroup>
    <ClInclude Include="src\Windows\Window_Win.h">
      <Filter>Windows</Filter>
    </ClInclude>
    <ClInclude Include="src\Windows\WindowsInput.h">
      <Filter>Windows</Filter>
    </ClInclude>
    <ClInclude Include="src\iara.h" />
    <ClInclude Include="src\iara\Application.h">
      <Filter>iara</Filter>
    </ClInclude>
    <ClInclude Include="src\iara\EntryPoint.h">
      <Filter>iara</Filter>
    </ClInclude>
    <ClInclude Include="src\iara\ImGui\ImGuiLayer.h">
      <Filter>iara\ImGui</Filter>
    </ClInclude>
    <ClInclude Include="src\iara\Input.h">
      <Filter>iara</Filter>
    </ClInclude>
    <ClInclude Include="src\iara\KeyCodes.h">
      <Filter>iara</Filter>
    </ClInclude>
    <ClInclude Include="src\iara\Layer.h">
      <Filter>iara</Filter>
    </ClInclude>
    <ClInclude Include="src\iara\LayerStack.h">
      <Filter>iara</Filter>
    </ClInclude>
    <ClInclude Include="src\iara\Log.h">
      <Filter>iara</Filter>
    </ClInclude>
    <ClInclude Include="src\iara\MouseButtonCodes.h">
      <Filter>iara</Filter>
    </ClInclude>
    <ClInclude Include="src\iara\core.h">
      <Filter>iara</Filter>
    </ClInclude>
    <ClInclude Include="src\iara\events\AppEvent.h">
      <Filter>iara\events</Filter>
    </ClInclude>
    <ClInclude Include="src\iara\events\Event.h">
      <Filter>iara\events</Filter>
    </ClInclude>
    <ClInclude Include="src\iara\events\KeyEvent.h">
      <Filter>iara\events</Filter>
    </ClInclude>
    <ClInclude Include="src\iara\events\MouseEvent.h">
      <Filter>iara\events</Filter>
    </ClInclude>
    <ClInclude Include="src\iara\window.h">
      <Filter>iara</Filter>
    </ClInclude>
    <ClInclude Include="src\ir_pch.h" />
    <ClInclude Include="src\platform\openGL\imgui_impl_opengl3.h">
      <Filter>platform\openGL</Filter>
    </ClInclude>
  </ItemGroup>
  <ItemGroup>
    <ClCompile Include="src\Windows\Window_Win.cpp">
      <Filter>Windows</Filter>
    </ClCompile>
    <ClCompile Include="src\Windows\WindowsInput.cpp">
      <Filter>Windows</Filter>
    </ClCompile>
    <ClCompile Include="src\iara\Application.cpp">
      <Filter>iara</Filter>
    </ClCompile>
    <ClCompile Include="src\iara\ImGui\ImGuiBuild.cpp">
      <Filter>iara\ImGui</Filter>
    </ClCompile>
    <ClCompile Include="src\iara\ImGui\ImGuiLayer.cpp">
      <Filter>iara\ImGui</Filter>
    </ClCompile>
    <ClCompile Include="src\iara\Layer.cpp">
      <Filter>iara</Filter>
    </ClCompile>
    <ClCompile Include="src\iara\LayerStack.cpp">
      <Filter>iara</Filter>
    </ClCompile>
    <ClCompile Include="src\iara\Log.cpp">
      <Filter>iara</Filter>
    </ClCompile>
    <ClCompile Include="src\ir_pch.cpp" />
    <ClCompile Include="src\platform\openGL\imgui_impl_opengl3.cpp">
      <Filter>platform\openGL</Filter>
    </ClCompile>
  </ItemGroup>
</Project>